
Microsoft Visual Studio Solution File, Format Version 12.00
# Visual Studio 15
VisualStudioVersion = 15.0.27703.2000
MinimumVisualStudioVersion = 10.0.40219.1
Project("{FAE04EC0-301F-11D3-BF4B-00C04F79EFBC}") = "GetCountFromList", "GetCountFromList\GetCountFromList.csproj", "{D1EA9952-6CDF-4CB3-A85F-C04A49894DAD}"
EndProject
Global
	GlobalSection(SolutionConfigurationPlatforms) = preSolution
		Debug|Any CPU = Debug|Any CPU
		Release|Any CPU = Release|Any CPU
	EndGlobalSection
	GlobalSection(ProjectConfigurationPlatforms) = postSolution
		{D1EA9952-6CDF-4CB3-A85F-C04A49894DAD}.Debug|Any CPU.ActiveCfg = Debug|Any CPU
		{D1EA9952-6CDF-4CB3-A85F-C04A49894DAD}.Debug|Any CPU.Build.0 = Debug|Any CPU
		{D1EA9952-6CDF-4CB3-A85F-C04A49894DAD}.Release|Any CPU.ActiveCfg = Release|Any CPU
		{D1EA9952-6CDF-4CB3-A85F-C04A49894DAD}.Release|Any CPU.Build.0 = Release|Any CPU
	EndGlobalSection
	GlobalSection(SolutionProperties) = preSolution
		HideSolutionNode = FALSE
	EndGlobalSection
	GlobalSection(ExtensibilityGlobals) = postSolution
		SolutionGuid = {174970A2-F851-4028-92B0-A347CEB2CBBF}
	EndGlobalSection
EndGlobal
